
Microsoft Visual Studio Solution File, Format Version 12.00
# Visual Studio Version 17
VisualStudioVersion = 17.4.33110.190
MinimumVisualStudioVersion = 10.0.40219.1
Project("{FAE04EC0-301F-11D3-BF4B-00C04F79EFBC}") = "LeapYearKata", "LeapYearKata\LeapYearKata.csproj", "{252B8709-11C1-4C0F-88DF-02485F492C22}"
EndProject
Project("{FAE04EC0-301F-11D3-BF4B-00C04F79EFBC}") = "LeapYearTests", "LeapYearTests\LeapYearTests.csproj", "{0416C645-B297-4998-BF10-58CC9CA68B4F}"
EndProject
Global
	GlobalSection(SolutionConfigurationPlatforms) = preSolution
		Debug|Any CPU = Debug|Any CPU
		Release|Any CPU = Release|Any CPU
	EndGlobalSection
	GlobalSection(ProjectConfigurationPlatforms) = postSolution
		{252B8709-11C1-4C0F-88DF-02485F492C22}.Debug|Any CPU.ActiveCfg = Debug|Any CPU
		{252B8709-11C1-4C0F-88DF-02485F492C22}.Debug|Any CPU.Build.0 = Debug|Any CPU
		{252B8709-11C1-4C0F-88DF-02485F492C22}.Release|Any CPU.ActiveCfg = Release|Any CPU
		{252B8709-11C1-4C0F-88DF-02485F492C22}.Release|Any CPU.Build.0 = Release|Any CPU
		{0416C645-B297-4998-BF10-58CC9CA68B4F}.Debug|Any CPU.ActiveCfg = Debug|Any CPU
		{0416C645-B297-4998-BF10-58CC9CA68B4F}.Debug|Any CPU.Build.0 = Debug|Any CPU
		{0416C645-B297-4998-BF10-58CC9CA68B4F}.Release|Any CPU.ActiveCfg = Release|Any CPU
		{0416C645-B297-4998-BF10-58CC9CA68B4F}.Release|Any CPU.Build.0 = Release|Any CPU
	EndGlobalSection
	GlobalSection(SolutionProperties) = preSolution
		HideSolutionNode = FALSE
	EndGlobalSection
	GlobalSection(ExtensibilityGlobals) = postSolution
		SolutionGuid = {3A341D7E-8474-4994-9F50-373CF987176F}
	EndGlobalSection
EndGlobal
